
Microsoft Visual Studio Solution File, Format Version 12.00
# Visual Studio Version 16
VisualStudioVersion = 16.0.31112.23
MinimumVisualStudioVersion = 10.0.40219.1
Project("{8BC9CEB8-8B4A-11D0-8D11-00A0C91BC942}") = "SeamCarving", "SeamCarving.vcxproj", "{3BBCC29F-CEE4-4849-9533-1F0A673FDB36}"
EndProject
Project("{8BC9CEB8-8B4A-11D0-8D11-00A0C91BC942}") = "SeamCarvingCPU", "..\SeamCarvingCPU\SeamCarvingCPU.vcxproj", "{BEAEC75E-0257-44CB-93D0-D35FCBF7BF39}"
EndProject
Global
	GlobalSection(SolutionConfigurationPlatforms) = preSolution
		33|x64 = 33|x64
		33|x86 = 33|x86
		a|x64 = a|x64
		a|x86 = a|x86
		big|x64 = big|x64
		big|x86 = big|x86
		bigCPU|x64 = bigCPU|x64
		bigCPU|x86 = bigCPU|x86
		castle|x64 = castle|x64
		castle|x86 = castle|x86
		castleCPU|x64 = castleCPU|x64
		castleCPU|x86 = castleCPU|x86
		city|x64 = city|x64
		city|x86 = city|x86
		Debug|x64 = Debug|x64
		Debug|x86 = Debug|x86
		dog|x64 = dog|x64
		dog|x86 = dog|x86
		Release|x64 = Release|x64
		Release|x86 = Release|x86
	EndGlobalSection
	GlobalSection(ProjectConfigurationPlatforms) = postSolution
		{3BBCC29F-CEE4-4849-9533-1F0A673FDB36}.33|x64.ActiveCfg = 33|x64
		{3BBCC29F-CEE4-4849-9533-1F0A673FDB36}.33|x64.Build.0 = 33|x64
		{3BBCC29F-CEE4-4849-9533-1F0A673FDB36}.33|x86.ActiveCfg = 33|x64
		{3BBCC29F-CEE4-4849-9533-1F0A673FDB36}.a|x64.ActiveCfg = a|x64
		{3BBCC29F-CEE4-4849-9533-1F0A673FDB36}.a|x64.Build.0 = a|x64
		{3BBCC29F-CEE4-4849-9533-1F0A673FDB36}.a|x86.ActiveCfg = a|x64
		{3BBCC29F-CEE4-4849-9533-1F0A673FDB36}.big|x64.ActiveCfg = big|x64
		{3BBCC29F-CEE4-4849-9533-1F0A673FDB36}.big|x64.Build.0 = big|x64
		{3BBCC29F-CEE4-4849-9533-1F0A673FDB36}.big|x86.ActiveCfg = big|x64
		{3BBCC29F-CEE4-4849-9533-1F0A673FDB36}.bigCPU|x64.ActiveCfg = big|x64
		{3BBCC29F-CEE4-4849-9533-1F0A673FDB36}.bigCPU|x64.Build.0 = big|x64
		{3BBCC29F-CEE4-4849-9533-1F0A673FDB36}.bigCPU|x86.ActiveCfg = a|x64
		{3BBCC29F-CEE4-4849-9533-1F0A673FDB36}.bigCPU|x86.Build.0 = a|x64
		{3BBCC29F-CEE4-4849-9533-1F0A673FDB36}.castle|x64.ActiveCfg = castle|x64
		{3BBCC29F-CEE4-4849-9533-1F0A673FDB36}.castle|x64.Build.0 = castle|x64
		{3BBCC29F-CEE4-4849-9533-1F0A673FDB36}.castle|x86.ActiveCfg = castle|x64
		{3BBCC29F-CEE4-4849-9533-1F0A673FDB36}.castleCPU|x64.ActiveCfg = castle|x64
		{3BBCC29F-CEE4-4849-9533-1F0A673FDB36}.castleCPU|x64.Build.0 = castle|x64
		{3BBCC29F-CEE4-4849-9533-1F0A673FDB36}.castleCPU|x86.ActiveCfg = a|x64
		{3BBCC29F-CEE4-4849-9533-1F0A673FDB36}.castleCPU|x86.Build.0 = a|x64
		{3BBCC29F-CEE4-4849-9533-1F0A673FDB36}.city|x64.ActiveCfg = city|x64
		{3BBCC29F-CEE4-4849-9533-1F0A673FDB36}.city|x64.Build.0 = city|x64
		{3BBCC29F-CEE4-4849-9533-1F0A673FDB36}.city|x86.ActiveCfg = city|x64
		{3BBCC29F-CEE4-4849-9533-1F0A673FDB36}.Debug|x64.ActiveCfg = Debug|x64
		{3BBCC29F-CEE4-4849-9533-1F0A673FDB36}.Debug|x64.Build.0 = Debug|x64
		{3BBCC29F-CEE4-4849-9533-1F0A673FDB36}.Debug|x86.ActiveCfg = Debug|x64
		{3BBCC29F-CEE4-4849-9533-1F0A673FDB36}.dog|x64.ActiveCfg = dog|x64
		{3BBCC29F-CEE4-4849-9533-1F0A673FDB36}.dog|x64.Build.0 = dog|x64
		{3BBCC29F-CEE4-4849-9533-1F0A673FDB36}.dog|x86.ActiveCfg = dog|x64
		{3BBCC29F-CEE4-4849-9533-1F0A673FDB36}.Release|x64.ActiveCfg = Release|x64
		{3BBCC29F-CEE4-4849-9533-1F0A673FDB36}.Release|x64.Build.0 = Release|x64
		{3BBCC29F-CEE4-4849-9533-1F0A673FDB36}.Release|x86.ActiveCfg = Release|x64
		{BEAEC75E-0257-44CB-93D0-D35FCBF7BF39}.33|x64.ActiveCfg = Debug|x64
		{BEAEC75E-0257-44CB-93D0-D35FCBF7BF39}.33|x64.Build.0 = Debug|x64
		{BEAEC75E-0257-44CB-93D0-D35FCBF7BF39}.33|x86.ActiveCfg = Debug|Win32
		{BEAEC75E-0257-44CB-93D0-D35FCBF7BF39}.33|x86.Build.0 = Debug|Win32
		{BEAEC75E-0257-44CB-93D0-D35FCBF7BF39}.a|x64.ActiveCfg = a|x64
		{BEAEC75E-0257-44CB-93D0-D35FCBF7BF39}.a|x64.Build.0 = a|x64
		{BEAEC75E-0257-44CB-93D0-D35FCBF7BF39}.a|x86.ActiveCfg = a|Win32
		{BEAEC75E-0257-44CB-93D0-D35FCBF7BF39}.a|x86.Build.0 = a|Win32
		{BEAEC75E-0257-44CB-93D0-D35FCBF7BF39}.big|x64.ActiveCfg = Debug|x64
		{BEAEC75E-0257-44CB-93D0-D35FCBF7BF39}.big|x64.Build.0 = Debug|x64
		{BEAEC75E-0257-44CB-93D0-D35FCBF7BF39}.big|x86.ActiveCfg = Debug|Win32
		{BEAEC75E-0257-44CB-93D0-D35FCBF7BF39}.big|x86.Build.0 = Debug|Win32
		{BEAEC75E-0257-44CB-93D0-D35FCBF7BF39}.bigCPU|x64.ActiveCfg = bigCPU|x64
		{BEAEC75E-0257-44CB-93D0-D35FCBF7BF39}.bigCPU|x64.Build.0 = bigCPU|x64
		{BEAEC75E-0257-44CB-93D0-D35FCBF7BF39}.bigCPU|x86.ActiveCfg = bigCPU|Win32
		{BEAEC75E-0257-44CB-93D0-D35FCBF7BF39}.bigCPU|x86.Build.0 = bigCPU|Win32
		{BEAEC75E-0257-44CB-93D0-D35FCBF7BF39}.castle|x64.ActiveCfg = Debug|x64
		{BEAEC75E-0257-44CB-93D0-D35FCBF7BF39}.castle|x64.Build.0 = Debug|x64
		{BEAEC75E-0257-44CB-93D0-D35FCBF7BF39}.castle|x86.ActiveCfg = Debug|Win32
		{BEAEC75E-0257-44CB-93D0-D35FCBF7BF39}.castle|x86.Build.0 = Debug|Win32
		{BEAEC75E-0257-44CB-93D0-D35FCBF7BF39}.castleCPU|x64.ActiveCfg = castleCPU|x64
		{BEAEC75E-0257-44CB-93D0-D35FCBF7BF39}.castleCPU|x64.Build.0 = castleCPU|x64
		{BEAEC75E-0257-44CB-93D0-D35FCBF7BF39}.castleCPU|x86.ActiveCfg = castleCPU|Win32
		{BEAEC75E-0257-44CB-93D0-D35FCBF7BF39}.castleCPU|x86.Build.0 = castleCPU|Win32
		{BEAEC75E-0257-44CB-93D0-D35FCBF7BF39}.city|x64.ActiveCfg = city|x64
		{BEAEC75E-0257-44CB-93D0-D35FCBF7BF39}.city|x64.Build.0 = city|x64
		{BEAEC75E-0257-44CB-93D0-D35FCBF7BF39}.city|x86.ActiveCfg = city|Win32
		{BEAEC75E-0257-44CB-93D0-D35FCBF7BF39}.city|x86.Build.0 = city|Win32
		{BEAEC75E-0257-44CB-93D0-D35FCBF7BF39}.Debug|x64.ActiveCfg = Debug|x64
		{BEAEC75E-0257-44CB-93D0-D35FCBF7BF39}.Debug|x64.Build.0 = Debug|x64
		{BEAEC75E-0257-44CB-93D0-D35FCBF7BF39}.Debug|x86.ActiveCfg = Debug|Win32
		{BEAEC75E-0257-44CB-93D0-D35FCBF7BF39}.Debug|x86.Build.0 = Debug|Win32
		{BEAEC75E-0257-44CB-93D0-D35FCBF7BF39}.dog|x64.ActiveCfg = Debug|x64
		{BEAEC75E-0257-44CB-93D0-D35FCBF7BF39}.dog|x64.Build.0 = Debug|x64
		{BEAEC75E-0257-44CB-93D0-D35FCBF7BF39}.dog|x86.ActiveCfg = Debug|Win32
		{BEAEC75E-0257-44CB-93D0-D35FCBF7BF39}.dog|x86.Build.0 = Debug|Win32
		{BEAEC75E-0257-44CB-93D0-D35FCBF7BF39}.Release|x64.ActiveCfg = Release|x64
		{BEAEC75E-0257-44CB-93D0-D35FCBF7BF39}.Release|x64.Build.0 = Release|x64
		{BEAEC75E-0257-44CB-93D0-D35FCBF7BF39}.Release|x86.ActiveCfg = Release|Win32
		{BEAEC75E-0257-44CB-93D0-D35FCBF7BF39}.Release|x86.Build.0 = Release|Win32
	EndGlobalSection
	GlobalSection(SolutionProperties) = preSolution
		HideSolutionNode = FALSE
	EndGlobalSection
	GlobalSection(ExtensibilityGlobals) = postSolution
		SolutionGuid = {031044C2-9D77-490E-B7E9-58ECECCF4081}
	EndGlobalSection
EndGlobal
